Microsoft Visual Studio Solution File, Format Version 12.00
# Visual Studio Version 17
VisualStudioVersion = 17.5.2.0
MinimumVisualStudioVersion = 10.0.40219.1
Project("{FAE04EC0-301F-11D3-BF4B-00C04F79EFBC}") = "Final Project", "Final Project.csproj", "{0EFCFF13-E9F6-2690-B04E-51AE49DBD320}"
EndProject
Global
	GlobalSection(SolutionConfigurationPlatforms) = preSolution
		Debug|Any CPU = Debug|Any CPU
		Release|Any CPU = Release|Any CPU
	EndGlobalSection
	GlobalSection(ProjectConfigurationPlatforms) = postSolution
		{0EFCFF13-E9F6-2690-B04E-51AE49DBD320}.Debug|Any CPU.ActiveCfg = Debug|Any CPU
		{0EFCFF13-E9F6-2690-B04E-51AE49DBD320}.Debug|Any CPU.Build.0 = Debug|Any CPU
		{0EFCFF13-E9F6-2690-B04E-51AE49DBD320}.Release|Any CPU.ActiveCfg = Release|Any CPU
		{0EFCFF13-E9F6-2690-B04E-51AE49DBD320}.Release|Any CPU.Build.0 = Release|Any CPU
	EndGlobalSection
	GlobalSection(SolutionProperties) = preSolution
		HideSolutionNode = FALSE
	EndGlobalSection
	GlobalSection(ExtensibilityGlobals) = postSolution
		SolutionGuid = {3780A56E-1E19-423C-B327-7E778E538D37}
	EndGlobalSection
EndGlobal
